
Microsoft Visual Studio Solution File, Format Version 12.00
# Visual Studio Version 17
VisualStudioVersion = 17.7.34221.43
MinimumVisualStudioVersion = 10.0.40219.1
Project("{9A19103F-16F7-4668-BE54-9A1E7A4F7556}") = "ASPNETCoreSample", "ASPNETCoreSample\ASPNETCoreSample.csproj", "{6A609AC5-A5ED-431F-9CCD-76517C72A7AD}"
EndProject
Project("{FAE04EC0-301F-11D3-BF4B-00C04F79EFBC}") = "ASPNETCoreSample.IntegrationTest", "ASPNETCoreSample.IntegrationTest\ASPNETCoreSample.IntegrationTest.csproj", "{70A05EF4-CCBA-44DF-99EF-2A3D0E110710}"
EndProject
Global
	GlobalSection(SolutionConfigurationPlatforms) = preSolution
		Debug|Any CPU = Debug|Any CPU
		Release|Any CPU = Release|Any CPU
	EndGlobalSection
	GlobalSection(ProjectConfigurationPlatforms) = postSolution
		{6A609AC5-A5ED-431F-9CCD-76517C72A7AD}.Debug|Any CPU.ActiveCfg = Debug|Any CPU
		{6A609AC5-A5ED-431F-9CCD-76517C72A7AD}.Debug|Any CPU.Build.0 = Debug|Any CPU
		{6A609AC5-A5ED-431F-9CCD-76517C72A7AD}.Release|Any CPU.ActiveCfg = Release|Any CPU
		{6A609AC5-A5ED-431F-9CCD-76517C72A7AD}.Release|Any CPU.Build.0 = Release|Any CPU
		{70A05EF4-CCBA-44DF-99EF-2A3D0E110710}.Debug|Any CPU.ActiveCfg = Debug|Any CPU
		{70A05EF4-CCBA-44DF-99EF-2A3D0E110710}.Debug|Any CPU.Build.0 = Debug|Any CPU
		{70A05EF4-CCBA-44DF-99EF-2A3D0E110710}.Release|Any CPU.ActiveCfg = Release|Any CPU
		{70A05EF4-CCBA-44DF-99EF-2A3D0E110710}.Release|Any CPU.Build.0 = Release|Any CPU
	EndGlobalSection
	GlobalSection(SolutionProperties) = preSolution
		HideSolutionNode = FALSE
	EndGlobalSection
	GlobalSection(ExtensibilityGlobals) = postSolution
		SolutionGuid = {E20DBADB-8829-4C24-9339-B7FE688DDF76}
	EndGlobalSection
EndGlobal
