
Microsoft Visual Studio Solution File, Format Version 12.00
# Visual Studio Version 17
VisualStudioVersion = 17.8.34330.188
MinimumVisualStudioVersion = 10.0.40219.1
Project("{FAE04EC0-301F-11D3-BF4B-00C04F79EFBC}") = "WinFormsApp1", "WinFormsApp1\WinFormsApp1.csproj", "{B44E1F5E-E0FF-4D2A-9182-6A05AEE99A6F}"
EndProject
Project("{FAE04EC0-301F-11D3-BF4B-00C04F79EFBC}") = "ClassLibrary1", "ClassLibrary1\ClassLibrary1.csproj", "{66E09FD8-8149-43F6-8FFF-BA8B17621D53}"
EndProject
Global
	GlobalSection(SolutionConfigurationPlatforms) = preSolution
		Debug|Any CPU = Debug|Any CPU
		Release|Any CPU = Release|Any CPU
	EndGlobalSection
	GlobalSection(ProjectConfigurationPlatforms) = postSolution
		{B44E1F5E-E0FF-4D2A-9182-6A05AEE99A6F}.Debug|Any CPU.ActiveCfg = Debug|Any CPU
		{B44E1F5E-E0FF-4D2A-9182-6A05AEE99A6F}.Debug|Any CPU.Build.0 = Debug|Any CPU
		{B44E1F5E-E0FF-4D2A-9182-6A05AEE99A6F}.Release|Any CPU.ActiveCfg = Release|Any CPU
		{B44E1F5E-E0FF-4D2A-9182-6A05AEE99A6F}.Release|Any CPU.Build.0 = Release|Any CPU
		{66E09FD8-8149-43F6-8FFF-BA8B17621D53}.Debug|Any CPU.ActiveCfg = Debug|Any CPU
		{66E09FD8-8149-43F6-8FFF-BA8B17621D53}.Debug|Any CPU.Build.0 = Debug|Any CPU
		{66E09FD8-8149-43F6-8FFF-BA8B17621D53}.Release|Any CPU.ActiveCfg = Release|Any CPU
		{66E09FD8-8149-43F6-8FFF-BA8B17621D53}.Release|Any CPU.Build.0 = Release|Any CPU
	EndGlobalSection
	GlobalSection(SolutionProperties) = preSolution
		HideSolutionNode = FALSE
	EndGlobalSection
	GlobalSection(ExtensibilityGlobals) = postSolution
		SolutionGuid = {D1F345F6-2377-40B1-8D2E-099810D60B45}
	EndGlobalSection
EndGlobal
